
Microsoft Visual Studio Solution File, Format Version 12.00
# Visual Studio Version 17
VisualStudioVersion = 17.5.002.0
MinimumVisualStudioVersion = 10.0.40219.1
Project("{9A19103F-16F7-4668-BE54-9A1E7A4F7556}") = "Core", "Core\Core.csproj", "{8DE9A3D4-74B4-48E1-9852-8F4FC621FA0A}"
EndProject
Project("{9A19103F-16F7-4668-BE54-9A1E7A4F7556}") = "DemoQA.Service", "DemoQA.Service\DemoQA.Service.csproj", "{545BE4EC-4757-4278-A1E1-F220359F1A3F}"
EndProject
Project("{9A19103F-16F7-4668-BE54-9A1E7A4F7556}") = "DemoQA.Test", "DemoQA.Test\DemoQA.Test.csproj", "{C0DA3B9E-330D-44B2-80B0-7285462CBC94}"
EndProject
Global
	GlobalSection(SolutionConfigurationPlatforms) = preSolution
		Debug|Any CPU = Debug|Any CPU
		Release|Any CPU = Release|Any CPU
	EndGlobalSection
	GlobalSection(ProjectConfigurationPlatforms) = postSolution
		{8DE9A3D4-74B4-48E1-9852-8F4FC621FA0A}.Debug|Any CPU.ActiveCfg = Debug|Any CPU
		{8DE9A3D4-74B4-48E1-9852-8F4FC621FA0A}.Debug|Any CPU.Build.0 = Debug|Any CPU
		{8DE9A3D4-74B4-48E1-9852-8F4FC621FA0A}.Release|Any CPU.ActiveCfg = Release|Any CPU
		{8DE9A3D4-74B4-48E1-9852-8F4FC621FA0A}.Release|Any CPU.Build.0 = Release|Any CPU
		{545BE4EC-4757-4278-A1E1-F220359F1A3F}.Debug|Any CPU.ActiveCfg = Debug|Any CPU
		{545BE4EC-4757-4278-A1E1-F220359F1A3F}.Debug|Any CPU.Build.0 = Debug|Any CPU
		{545BE4EC-4757-4278-A1E1-F220359F1A3F}.Release|Any CPU.ActiveCfg = Release|Any CPU
		{545BE4EC-4757-4278-A1E1-F220359F1A3F}.Release|Any CPU.Build.0 = Release|Any CPU
		{C0DA3B9E-330D-44B2-80B0-7285462CBC94}.Debug|Any CPU.ActiveCfg = Debug|Any CPU
		{C0DA3B9E-330D-44B2-80B0-7285462CBC94}.Debug|Any CPU.Build.0 = Debug|Any CPU
		{C0DA3B9E-330D-44B2-80B0-7285462CBC94}.Release|Any CPU.ActiveCfg = Release|Any CPU
		{C0DA3B9E-330D-44B2-80B0-7285462CBC94}.Release|Any CPU.Build.0 = Release|Any CPU
	EndGlobalSection
	GlobalSection(SolutionProperties) = preSolution
		HideSolutionNode = FALSE
	EndGlobalSection
	GlobalSection(ExtensibilityGlobals) = postSolution
		SolutionGuid = {B0F95DFC-A36B-430B-BA34-7AA01987BCE8}
	EndGlobalSection
EndGlobal
